{
  "name": "simplethreets",
  "version": "1.0.0",
  "lockfileVersion": 1,
  "requires": true,
  "dependencies": {
    "paper": {
      "version": "0.12.4",
      "resolved": "https://registry.npmjs.org/paper/-/paper-0.12.4.tgz",
      "integrity": "sha512-KypUqX2uXJZOX2j55RcgnBzK7weau9WKVCB+3e0E1Wa9yxlV7z6BsSrrJxmLNIC0pATbjcy9pJYDutQ7rIhnpQ=="
    },
    "three": {
      "version": "0.114.0",
      "resolved": "https://registry.npmjs.org/three/-/three-0.114.0.tgz",
      "integrity": "sha512-3av45FxJeqYm7Rl02dfGBoqTaf2a934oUB4zMNrN8xjmASoSGeeykYoAr35+UntTdJDY/STw6CY3KuXFBWETig=="
    },
    "typescript": {
      "version": "3.8.3",
      "resolved": "https://registry.npmjs.org/typescript/-/typescript-3.8.3.tgz",
      "integrity": "sha512-MYlEfn5VrLNsgudQTVJeNaQFUAI7DkhnOjdpAp4T+ku1TfQClewlbSuTVHiA+8skNBgaf02TL/kLOvig4y3G8w==",
      "dev": true
    }
  }
}
